{
    "_readme": [
        "This file locks the dependencies of your project to a known state",
        "Read more about it at https://getcomposer.org/doc/01-basic-usage.md#composer-lock-the-lock-file",
        "This file is @generated automatically"
    ],
    "content-hash": "08fa63ec0d93d4a3ca91390e8f4a490c",
    "packages": [
        {
            "name": "gregwar/cache",
            "version": "v1.0.12",
            "target-dir": "Gregwar/Cache",
            "source": {
                "type": "git",
                "url": "https://github.com/Gregwar/Cache.git",
                "reference": "305d0f5a12c0beecbbd7e1de236f59f39e0c0ac3"
            },
            "dist": {
                "type": "zip",
                "url": "https://api.github.com/repos/Gregwar/Cache/zipball/305d0f5a12c0beecbbd7e1de236f59f39e0c0ac3",
                "reference": "305d0f5a12c0beecbbd7e1de236f59f39e0c0ac3",
                "shasum": ""
            },
            "require": {
                "php": ">=5.3"
            },
            "type": "library",
            "autoload": {
                "psr-0": {
                    "Gregwar\\Cache": ""
                }
            },
            "notification-url": "https://packagist.org/downloads/",
            "license": [
                "MIT"
            ],
            "authors": [
                {
                    "name": "Gregwar",
                    "email": "g.passault@gmail.com"
                }
            ],
            "description": "A lightweight file-system cache system",
            "keywords": [
                "cache",
                "caching",
                "file-system",
                "system"
            ],
            "time": "2016-09-23T08:16:04+00:00"
        },
        {
            "name": "gregwar/image",
            "version": "v2.0.24",
            "target-dir": "Gregwar/Image",
            "source": {
                "type": "git",
                "url": "https://github.com/Gregwar/Image.git",
                "reference": "52145816255dd20cb4bb115d0f9e1030c6287994"
            },
            "dist": {
                "type": "zip",
                "url": "https://api.github.com/repos/Gregwar/Image/zipball/52145816255dd20cb4bb115d0f9e1030c6287994",
                "reference": "52145816255dd20cb4bb115d0f9e1030c6287994",
                "shasum": ""
            },
            "require": {
                "ext-gd": "*",
                "gregwar/cache": "^1.0.6",
                "php": "^5.3 || ^7.0"
            },
            "require-dev": {
                "sllh/php-cs-fixer-styleci-bridge": "~1.0",
                "symfony/phpunit-bridge": "^2.7.4 || ^3.0"
            },
            "suggest": {
                "behat/transliterator": "Transliterator provides ability to set non-latin1 pretty names"
            },
            "type": "library",
            "autoload": {
                "psr-0": {
                    "Gregwar\\Image": ""
                }
            },
            "notification-url": "https://packagist.org/downloads/",
            "license": [
                "MIT"
            ],
            "authors": [
                {
                    "name": "Grégoire Passault",
                    "email": "g.passault@gmail.com",
                    "homepage": "http://www.gregwar.com/"
                }
            ],
            "description": "Image handling",
            "homepage": "https://github.com/Gregwar/Image",
            "keywords": [
                "gd",
                "image"
            ],
            "time": "2019-01-27T15:10:06+00:00"
        },
        {
            "name": "gumlet/php-image-resize",
            "version": "1.9.2",
            "source": {
                "type": "git",
                "url": "https://github.com/gumlet/php-image-resize.git",
                "reference": "06339a9c1b167acd58173db226f57957a6617547"
            },
            "dist": {
                "type": "zip",
                "url": "https://api.github.com/repos/gumlet/php-image-resize/zipball/06339a9c1b167acd58173db226f57957a6617547",
                "reference": "06339a9c1b167acd58173db226f57957a6617547",
                "shasum": ""
            },
            "require": {
                "ext-fileinfo": "*",
                "ext-gd": "*",
                "php": ">=5.5.0"
            },
            "require-dev": {
                "apigen/apigen": "^4.1",
                "ext-exif": "*",
                "ext-gd": "*",
                "php-coveralls/php-coveralls": "^2.1",
                "phpunit/phpunit": "^4.8"
            },
            "suggest": {
                "ext-exif": "Auto-rotate jpeg files"
            },
            "type": "library",
            "autoload": {
                "psr-4": {
                    "Gumlet\\": "lib/"
                }
            },
            "notification-url": "https://packagist.org/downloads/",
            "license": [
                "MIT"
            ],
            "authors": [
                {
                    "name": "Aditya Patadia",
                    "homepage": "http://aditya.patadia.org/"
                }
            ],
            "description": "PHP class to re-size and scale images",
            "homepage": "https://github.com/gumlet/php-image-resize",
            "keywords": [
                "image",
                "php",
                "resize",
                "scale"
            ],
            "time": "2019-01-01T13:53:00+00:00"
        }
    ],
    "packages-dev": [],
    "aliases": [],
    "minimum-stability": "stable",
    "stability-flags": [],
    "prefer-stable": false,
    "prefer-lowest": false,
    "platform": [],
    "platform-dev": []
}
